
Microsoft Visual Studio Solution File, Format Version 12.00
# Visual Studio Version 17
VisualStudioVersion = 17.7.34031.279
MinimumVisualStudioVersion = 10.0.40219.1
Project("{FAE04EC0-301F-11D3-BF4B-00C04F79EFBC}") = "StompySharps", "StompySharps\StompySharps.csproj", "{784F8029-4D72-4363-9638-5A8D11545494}"
EndProject
Global
	GlobalSection(SolutionConfigurationPlatforms) = preSolution
		Debug|Any CPU = Debug|Any CPU
		Release|Any CPU = Release|Any CPU
	EndGlobalSection
	GlobalSection(ProjectConfigurationPlatforms) = postSolution
		{784F8029-4D72-4363-9638-5A8D11545494}.Debug|Any CPU.ActiveCfg = Debug|Any CPU
		{784F8029-4D72-4363-9638-5A8D11545494}.Debug|Any CPU.Build.0 = Debug|Any CPU
		{784F8029-4D72-4363-9638-5A8D11545494}.Release|Any CPU.ActiveCfg = Release|Any CPU
		{784F8029-4D72-4363-9638-5A8D11545494}.Release|Any CPU.Build.0 = Release|Any CPU
	EndGlobalSection
	GlobalSection(SolutionProperties) = preSolution
		HideSolutionNode = FALSE
	EndGlobalSection
	GlobalSection(ExtensibilityGlobals) = postSolution
		SolutionGuid = {D6109E18-D1A2-4841-9C98-B6029BEE2034}
	EndGlobalSection
EndGlobal
